PODS:
  - CocoaAsyncSocket (7.6.4)
  - CocoaLumberjack (3.7.0):
    - CocoaLumberjack/Core (= 3.7.0)
  - CocoaLumberjack/Core (3.7.0)
  - CocoaMQTT (1.2.5):
    - CocoaAsyncSocket (~> 7.6.3)
  - ESPullToRefresh (2.9.3)
  - FMDB (2.7.5):
    - FMDB/standard (= 2.7.5)
  - FMDB/standard (2.7.5)
  - GRKOpenSSLFramework (1.0.2.20.2)
  - MarqueeLabel (4.0.2)
  - MessageBroker (0.1.5):
    - CocoaMQTT (~> 1.2.5)
    - SignalClient
  - NotificationBannerSwift (3.0.2):
    - MarqueeLabel (~> 4.0.0)
    - SnapKit (~> 5.0.0)
  - SignalClient (0.3.1):
    - SignalCoreKit
  - SignalCoreKit (1.0.0):
    - CocoaLumberjack
    - GRKOpenSSLFramework
  - SnapKit (5.0.1)

DEPENDENCIES:
  - ESPullToRefresh
  - FMDB (~> 2.7.5)
  - MessageBroker (from `../`)
  - NotificationBannerSwift (~> 3.0.0)

SPEC REPOS:
  https://github.com/CocoaPods/Specs.git:
    - CocoaAsyncSocket
    - CocoaLumberjack
    - CocoaMQTT
    - ESPullToRefresh
    - FMDB
    - GRKOpenSSLFramework
  https://github.com/uponup/JPSpec.git:
    - SignalClient
    - SignalCoreKit
  trunk:
    - MarqueeLabel
    - NotificationBannerSwift
    - SnapKit

EXTERNAL SOURCES:
  MessageBroker:
    :path: "../"

SPEC CHECKSUMS:
  CocoaAsyncSocket: 694058e7c0ed05a9e217d1b3c7ded962f4180845
  CocoaLumberjack: e8955b9d337ac307103b0a34fd141c32f27e53c5
  CocoaMQTT: a61490ed3b328011c5d75169a77781983e2bb221
  ESPullToRefresh: 0d68daa602b343c81753a1b95e09fd0bfcddfd40
  FMDB: 2ce00b547f966261cd18927a3ddb07cb6f3db82a
  GRKOpenSSLFramework: 01e3dd58a1d865111ac9439841119ff91a26e1f2
  MarqueeLabel: f762aa681ae201f66c1d511858b171f75d83013a
  MessageBroker: ff87e109ee7b84497b3a486a44304d60439af6b9
  NotificationBannerSwift: 713e20f21b6105f4a36a00e5d9fa414a930d3d8e
  SignalClient: d61e38f5480296b277e0fbd2266910ba5c11609b
  SignalCoreKit: 2b5ffd1b81e1cb1e80743a133f744d7358bdeccf
  SnapKit: 97b92857e3df3a0c71833cce143274bf6ef8e5eb

PODFILE CHECKSUM: c09437ee0d63f648f71d9029d9f0ad4e10e8bb4f

COCOAPODS: 1.10.1
