PODS:
  - CocoaAsyncSocket (7.6.4)
  - CocoaMQTT (1.2.5):
    - CocoaAsyncSocket (~> 7.6.3)
  - MessageBroker (0.1.0):
    - CocoaMQTT (~> 1.2.5)

DEPENDENCIES:
  - MessageBroker (from `../`)

SPEC REPOS:
  trunk:
    - CocoaAsyncSocket
    - CocoaMQTT

EXTERNAL SOURCES:
  MessageBroker:
    :path: "../"

SPEC CHECKSUMS:
  CocoaAsyncSocket: 694058e7c0ed05a9e217d1b3c7ded962f4180845
  CocoaMQTT: a61490ed3b328011c5d75169a77781983e2bb221
  MessageBroker: e8f48f785ab642d40cc7fe02a5d6f2ad0fa444eb

PODFILE CHECKSUM: cb49ba265112b974af14d508f7b0422902a0cd93

COCOAPODS: 1.8.4
