PODS:
  - CocoaAsyncSocket (7.6.4)
  - CocoaMQTT (1.2.5):
    - CocoaAsyncSocket (~> 7.6.3)
  - MessageBroker (0.1.0):
    - CocoaMQTT (~> 1.2.5)

DEPENDENCIES:
  - MessageBroker (from `../`)

SPEC REPOS:
  trunk:
    - CocoaAsyncSocket
    - CocoaMQTT

EXTERNAL SOURCES:
  MessageBroker:
    :path: "../"

SPEC CHECKSUMS:
  CocoaAsyncSocket: 694058e7c0ed05a9e217d1b3c7ded962f4180845
  CocoaMQTT: a61490ed3b328011c5d75169a77781983e2bb221
  MessageBroker: 11fc9b6f05c16bfa3c017497bfa8349d6281e2bd

PODFILE CHECKSUM: 964affac99ea30a71361828de80d74d0b1a051f9

COCOAPODS: 1.8.4
